{
  "requires": true,
  "lockfileVersion": 1,
  "dependencies": {
    "uwe-palindrome": {
      "version": "0.1.0",
      "resolved": "https://registry.npmjs.org/uwe-palindrome/-/uwe-palindrome-0.1.0.tgz",
      "integrity": "sha512-nuCwfmbrJne2niZWnrM7kI2Q1ejnNKMwjjDt9GYNuNsK5+N5HGZc7La62bmZkd6mearETaNDatQwvHMTltPhqA=="
    }
  }
}
